{
  "name": "password_strength",
  "lockfileVersion": 2,
  "requires": true,
  "packages": {
    "": {
      "dependencies": {
        "check-password-strength": "^2.0.5"
      }
    },
    "node_modules/check-password-strength": {
      "version": "2.0.5",
      "resolved": "https://registry.npmjs.org/check-password-strength/-/check-password-strength-2.0.5.tgz",
      "integrity": "sha512-b61T/+4OIGWSMRxJUsYOY44Cf9w7orIt2OQmF/WgH16qbJKIT1jG3XHx3jP+o090eH7rq13DRleKgXCiROBzMQ=="
    }
  },
  "dependencies": {
    "check-password-strength": {
      "version": "2.0.5",
      "resolved": "https://registry.npmjs.org/check-password-strength/-/check-password-strength-2.0.5.tgz",
      "integrity": "sha512-b61T/+4OIGWSMRxJUsYOY44Cf9w7orIt2OQmF/WgH16qbJKIT1jG3XHx3jP+o090eH7rq13DRleKgXCiROBzMQ=="
    }
  }
}
